{
  "nodes": {
    "fenix": {
      "inputs": {
        "nixpkgs": [
          "nixpkgs"
        ],
        "rust-analyzer-src": "rust-analyzer-src"
      },
      "locked": {
        "lastModified": 1668234453,
        "narHash": "sha256-FmuZThToBvRsqCauYJ3l8HJoGLAY5cMULeYEKIaGrRw=",
        "owner": "nix-community",
        "repo": "fenix",
        "rev": "8f219f6b36e8d0d56afa7f67e6e3df63ef013cdb",
        "type": "github"
      },
      "original": {
        "owner": "nix-community",
        "repo": "fenix",
        "type": "github"
      }
    },
    "flake-parts": {
      "inputs": {
        "nixpkgs-lib": "nixpkgs-lib"
      },
      "locked": {
        "lastModified": 1668450977,
        "narHash": "sha256-cfLhMhnvXn6x1vPm+Jow3RiFAUSCw/l1utktCw5rVA4=",
        "owner": "hercules-ci",
        "repo": "flake-parts",
        "rev": "d591857e9d7dd9ddbfba0ea02b43b927c3c0f1fa",
        "type": "github"
      },
      "original": {
        "owner": "hercules-ci",
        "repo": "flake-parts",
        "type": "github"
      }
    },
    "flake-utils": {
      "locked": {
        "lastModified": 1653893745,
        "narHash": "sha256-0jntwV3Z8//YwuOjzhV2sgJJPt+HY6KhU7VZUL0fKZQ=",
        "owner": "numtide",
        "repo": "flake-utils",
        "rev": "1ed9fb1935d260de5fe1c2f7ee0ebaae17ed2fa1",
        "type": "github"
      },
      "original": {
        "owner": "numtide",
        "repo": "flake-utils",
        "type": "github"
      }
    },
    "nix-filter": {
      "locked": {
        "lastModified": 1666547822,
        "narHash": "sha256-razwnAybPHyoAyhkKCwXdxihIqJi1G6e1XP4FQOJTEs=",
        "owner": "numtide",
        "repo": "nix-filter",
        "rev": "1a3b735e13e90a8d2fd5629f2f8363bd7ffbbec7",
        "type": "github"
      },
      "original": {
        "owner": "numtide",
        "repo": "nix-filter",
        "type": "github"
      }
    },
    "nix2container": {
      "inputs": {
        "flake-utils": "flake-utils",
        "nixpkgs": [
          "nixpkgs"
        ]
      },
      "locked": {
        "lastModified": 1668207345,
        "narHash": "sha256-tkqjXpavojY7QhG9vY1WK6Q/LhxlpJeIXXoVpRrNVyI=",
        "owner": "nlewo",
        "repo": "nix2container",
        "rev": "4cf5b9b37d4e581f13a68dbe1b951fac8a110a19",
        "type": "github"
      },
      "original": {
        "owner": "nlewo",
        "repo": "nix2container",
        "type": "github"
      }
    },
    "nixpkgs": {
      "locked": {
        "lastModified": 1668189330,
        "narHash": "sha256-1JrW+omJ+LguAu9TZgumJ39e28Ratpww8dpsnX3tGqs=",
        "owner": "NixOS",
        "repo": "nixpkgs",
        "rev": "cb8d3fe07d3592e5d846bce5f7cb5397efe6b206",
        "type": "github"
      },
      "original": {
        "owner": "NixOS",
        "ref": "nixos-22.05",
        "repo": "nixpkgs",
        "type": "github"
      }
    },
    "nixpkgs-lib": {
      "locked": {
        "dir": "lib",
        "lastModified": 1665349835,
        "narHash": "sha256-UK4urM3iN80UXQ7EaOappDzcisYIuEURFRoGQ/yPkug=",
        "owner": "NixOS",
        "repo": "nixpkgs",
        "rev": "34c5293a71ffdb2fe054eb5288adc1882c1eb0b1",
        "type": "github"
      },
      "original": {
        "dir": "lib",
        "owner": "NixOS",
        "ref": "nixos-unstable",
        "repo": "nixpkgs",
        "type": "github"
      }
    },
    "root": {
      "inputs": {
        "fenix": "fenix",
        "flake-parts": "flake-parts",
        "nix-filter": "nix-filter",
        "nix2container": "nix2container",
        "nixpkgs": "nixpkgs"
      }
    },
    "rust-analyzer-src": {
      "flake": false,
      "locked": {
        "lastModified": 1668182250,
        "narHash": "sha256-PYGaOCiFvnJdVz+ZCaKF8geGdffXjJUNcMwaBHv0FT4=",
        "owner": "rust-lang",
        "repo": "rust-analyzer",
        "rev": "45ec315e01dc8dd1146dfeb65f0ef6e5c2efed78",
        "type": "github"
      },
      "original": {
        "owner": "rust-lang",
        "ref": "nightly",
        "repo": "rust-analyzer",
        "type": "github"
      }
    }
  },
  "root": "root",
  "version": 7
}
